// !$*UTF8*$!
{
	archiveVersion = 1;
	classes = {
	};
	objectVersion = 77;
	objects = {

/* Begin PBXContainerItemProxy section */
		14C3AFC82E08DF5900730198 /* PBXContainerItemProxy */ = {
			isa = PBXContainerItemProxy;
			containerPortal = 14C3AFB22E08DF5500730198 /* Project object */;
			proxyType = 1;
			remoteGlobalIDString = 14C3AFB92E08DF5600730198;
			remoteInfo = "mumuk-clone-coding";
		};
		14C3AFD22E08DF5900730198 /* PBXContainerItemProxy */ = {
			isa = PBXContainerItemProxy;
			containerPortal = 14C3AFB22E08DF5500730198 /* Project object */;
			proxyType = 1;
			remoteGlobalIDString = 14C3AFB92E08DF5600730198;
			remoteInfo = "mumuk-clone-coding";
		};
/* End PBXContainerItemProxy section */

/* Begin PBXFileReference section */
		14C3AFBA2E08DF5600730198 /* mumuk-clone-coding.app */ = {isa = PBXFileReference; explicitFileType = wrapper.application; includeInIndex = 0; path = "mumuk-clone-coding.app"; sourceTree = BUILT_PRODUCTS_DIR; };
		14C3AFC72E08DF5900730198 /* mumuk-clone-codingTests.xctest */ = {isa = PBXFileReference; explicitFileType = wrapper.cfbundle; includeInIndex = 0; path = "mumuk-clone-codingTests.xctest"; sourceTree = BUILT_PRODUCTS_DIR; };
		14C3AFD12E08DF5900730198 /* mumuk-clone-codingUITests.xctest */ = {isa = PBXFileReference; explicitFileType = wrapper.cfbundle; includeInIndex = 0; path = "mumuk-clone-codingUITests.xctest"; sourceTree = BUILT_PRODUCTS_DIR; };
/* End PBXFileReference section */

/* Begin PBXFileSystemSynchronizedBuildFileExceptionSet section */
		14C3B0BF2E093D5800730198 /* Exceptions for "mumuk-clone-coding" folder in "mumuk-clone-coding" target */ = {
			isa = PBXFileSystemSynchronizedBuildFileExceptionSet;
			membershipExceptions = (
				Info.plist,
			);
			target = 14C3AFB92E08DF5600730198 /* mumuk-clone-coding */;
		};
/* End PBXFileSystemSynchronizedBuildFileExceptionSet section */

/* Begin PBXFileSystemSynchronizedRootGroup section */
		14C3AFBC2E08DF5600730198 /* mumuk-clone-coding */ = {
			isa = PBXFileSystemSynchronizedRootGroup;
			exceptions = (
				14C3B0BF2E093D5800730198 /* Exceptions for "mumuk-clone-coding" folder in "mumuk-clone-coding" target */,
			);
			path = "mumuk-clone-coding";
			sourceTree = "<group>";
		};
		14C3AFCA2E08DF5900730198 /* mumuk-clone-codingTests */ = {
			isa = PBXFileSystemSynchronizedRootGroup;
			path = "mumuk-clone-codingTests";
			sourceTree = "<group>";
		};
		14C3AFD42E08DF5900730198 /* mumuk-clone-codingUITests */ = {
			isa = PBXFileSystemSynchronizedRootGroup;
			path = "mumuk-clone-codingUITests";
			sourceTree = "<group>";
		};
/* End PBXFileSystemSynchronizedRootGroup section */

/* Begin PBXFrameworksBuildPhase section */
		14C3AFB72E08DF5600730198 /* Frameworks */ = {
			isa = PBXFrameworksBuildPhase;
			buildActionMask = 2147483647;
			files = (
			);
			runOnlyForDeploymentPostprocessing = 0;
		};
		14C3AFC42E08DF5900730198 /* Frameworks */ = {
			isa = PBXFrameworksBuildPhase;
			buildActionMask = 2147483647;
			files = (
			);
			runOnlyForDeploymentPostprocessing = 0;
		};
		14C3AFCE2E08DF5900730198 /* Frameworks */ = {
			isa = PBXFrameworksBuildPhase;
			buildActionMask = 2147483647;
			files = (
			);
			runOnlyForDeploymentPostprocessing = 0;
		};
/* End PBXFrameworksBuildPhase section */

/* Begin PBXGroup section */
		14C3AFB12E08DF5500730198 = {
			isa = PBXGroup;
			children = (
				14C3AFBC2E08DF5600730198 /* mumuk-clone-coding */,
				14C3AFCA2E08DF5900730198 /* mumuk-clone-codingTests */,
				14C3AFD42E08DF5900730198 /* mumuk-clone-codingUITests */,
				14C3AFBB2E08DF5600730198 /* Products */,
			);
			sourceTree = "<group>";
		};
		14C3AFBB2E08DF5600730198 /* Products */ = {
			isa = PBXGroup;
			children = (
				14C3AFBA2E08DF5600730198 /* mumuk-clone-coding.app */,
				14C3AFC72E08DF5900730198 /* mumuk-clone-codingTests.xctest */,
				14C3AFD12E08DF5900730198 /* mumuk-clone-codingUITests.xctest */,
			);
			name = Products;
			sourceTree = "<group>";
		};
/* End PBXGroup section */

/* Begin PBXNativeTarget section */
		14C3AFB92E08DF5600730198 /* mumuk-clone-coding */ = {
			isa = PBXNativeTarget;
			buildConfigurationList = 14C3AFDB2E08DF5900730198 /* Build configuration list for PBXNativeTarget "mumuk-clone-coding" */;
			buildPhases = (
				14C3AFB62E08DF5600730198 /* Sources */,
				14C3AFB72E08DF5600730198 /* Frameworks */,
				14C3AFB82E08DF5600730198 /* Resources */,
			);
			buildRules = (
			);
			dependencies = (
			);
			fileSystemSynchronizedGroups = (
				14C3AFBC2E08DF5600730198 /* mumuk-clone-coding */,
			);
			name = "mumuk-clone-coding";
			packageProductDependencies = (
			);
			productName = "mumuk-clone-coding";
			productReference = 14C3AFBA2E08DF5600730198 /* mumuk-clone-coding.app */;
			productType = "com.apple.product-type.application";
		};
		14C3AFC62E08DF5900730198 /* mumuk-clone-codingTests */ = {
			isa = PBXNativeTarget;
			buildConfigurationList = 14C3AFDE2E08DF5900730198 /* Build configuration list for PBXNativeTarget "mumuk-clone-codingTests" */;
			buildPhases = (
				14C3AFC32E08DF5900730198 /* Sources */,
				14C3AFC42E08DF5900730198 /* Frameworks */,
				14C3AFC52E08DF5900730198 /* Resources */,
			);
			buildRules = (
			);
			dependencies = (
				14C3AFC92E08DF5900730198 /* PBXTargetDependency */,
			);
			fileSystemSynchronizedGroups = (
				14C3AFCA2E08DF5900730198 /* mumuk-clone-codingTests */,
			);
			name = "mumuk-clone-codingTests";
			packageProductDependencies = (
			);
			productName = "mumuk-clone-codingTests";
			productReference = 14C3AFC72E08DF5900730198 /* mumuk-clone-codingTests.xctest */;
			productType = "com.apple.product-type.bundle.unit-test";
		};
		14C3AFD02E08DF5900730198 /* mumuk-clone-codingUITests */ = {
			isa = PBXNativeTarget;
			buildConfigurationList = 14C3AFE12E08DF5900730198 /* Build configuration list for PBXNativeTarget "mumuk-clone-codingUITests" */;
			buildPhases = (
				14C3AFCD2E08DF5900730198 /* Sources */,
				14C3AFCE2E08DF5900730198 /* Frameworks */,
				14C3AFCF2E08DF5900730198 /* Resources */,
			);
			buildRules = (
			);
			dependencies = (
				14C3AFD32E08DF5900730198 /* PBXTargetDependency */,
			);
			fileSystemSynchronizedGroups = (
				14C3AFD42E08DF5900730198 /* mumuk-clone-codingUITests */,
			);
			name = "mumuk-clone-codingUITests";
			packageProductDependencies = (
			);
			productName = "mumuk-clone-codingUITests";
			productReference = 14C3AFD12E08DF5900730198 /* mumuk-clone-codingUITests.xctest */;
			productType = "com.apple.product-type.bundle.ui-testing";
		};
/* End PBXNativeTarget section */

/* Begin PBXProject section */
		14C3AFB22E08DF5500730198 /* Project object */ = {
			isa = PBXProject;
			attributes = {
				BuildIndependentTargetsInParallel = 1;
				LastSwiftUpdateCheck = 1640;
				LastUpgradeCheck = 1640;
				TargetAttributes = {
					14C3AFB92E08DF5600730198 = {
						CreatedOnToolsVersion = 16.4;
					};
					14C3AFC62E08DF5900730198 = {
						CreatedOnToolsVersion = 16.4;
						TestTargetID = 14C3AFB92E08DF5600730198;
					};
					14C3AFD02E08DF5900730198 = {
						CreatedOnToolsVersion = 16.4;
						TestTargetID = 14C3AFB92E08DF5600730198;
					};
				};
			};
			buildConfigurationList = 14C3AFB52E08DF5500730198 /* Build configuration list for PBXProject "mumuk-clone-coding" */;
			developmentRegion = en;
			hasScannedForEncodings = 0;
			knownRegions = (
				en,
				Base,
			);
			mainGroup = 14C3AFB12E08DF5500730198;
			minimizedProjectReferenceProxies = 1;
			preferredProjectObjectVersion = 77;
			productRefGroup = 14C3AFBB2E08DF5600730198 /* Products */;
			projectDirPath = "";
			projectRoot = "";
			targets = (
				14C3AFB92E08DF5600730198 /* mumuk-clone-coding */,
				14C3AFC62E08DF5900730198 /* mumuk-clone-codingTests */,
				14C3AFD02E08DF5900730198 /* mumuk-clone-codingUITests */,
			);
		};
/* End PBXProject section */

/* Begin PBXResourcesBuildPhase section */
		14C3AFB82E08DF5600730198 /* Resources */ = {
			isa = PBXResourcesBuildPhase;
			buildActionMask = 2147483647;
			files = (
			);
			runOnlyForDeploymentPostprocessing = 0;
		};
		14C3AFC52E08DF5900730198 /* Resources */ = {
			isa = PBXResourcesBuildPhase;
			buildActionMask = 2147483647;
			files = (
			);
			runOnlyForDeploymentPostprocessing = 0;
		};
		14C3AFCF2E08DF5900730198 /* Resources */ = {
			isa = PBXResourcesBuildPhase;
			buildActionMask = 2147483647;
			files = (
			);
			runOnlyForDeploymentPostprocessing = 0;
		};
/* End PBXResourcesBuildPhase section */

/* Begin PBXSourcesBuildPhase section */
		14C3AFB62E08DF5600730198 /* Sources */ = {
			isa = PBXSourcesBuildPhase;
			buildActionMask = 2147483647;
			files = (
			);
			runOnlyForDeploymentPostprocessing = 0;
		};
		14C3AFC32E08DF5900730198 /* Sources */ = {
			isa = PBXSourcesBuildPhase;
			buildActionMask = 2147483647;
			files = (
			);
			runOnlyForDeploymentPostprocessing = 0;
		};
		14C3AFCD2E08DF5900730198 /* Sources */ = {
			isa = PBXSourcesBuildPhase;
			buildActionMask = 2147483647;
			files = (
			);
			runOnlyForDeploymentPostprocessing = 0;
		};
/* End PBXSourcesBuildPhase section */

/* Begin PBXTargetDependency section */
		14C3AFC92E08DF5900730198 /* PBXTargetDependency */ = {
			isa = PBXTargetDependency;
			target = 14C3AFB92E08DF5600730198 /* mumuk-clone-coding */;
			targetProxy = 14C3AFC82E08DF5900730198 /* PBXContainerItemProxy */;
		};
		14C3AFD32E08DF5900730198 /* PBXTargetDependency */ = {
			isa = PBXTargetDependency;
			target = 14C3AFB92E08DF5600730198 /* mumuk-clone-coding */;
			targetProxy = 14C3AFD22E08DF5900730198 /* PBXContainerItemProxy */;
		};
/* End PBXTargetDependency section */

/* Begin XCBuildConfiguration section */
		14C3AFD92E08DF5900730198 /* Debug */ = {
			isa = XCBuildConfiguration;
			buildSettings = {
				ALWAYS_SEARCH_USER_PATHS = NO;
				ASSETCATALOG_COMPILER_GENERATE_SWIFT_ASSET_SYMBOL_EXTENSIONS = YES;
				CLANG_ANALYZER_NONNULL = YES;
				CLANG_ANALYZER_NUMBER_OBJECT_CONVERSION = YES_AGGRESSIVE;
				CLANG_CXX_LANGUAGE_STANDARD = "gnu++20";
				CLANG_ENABLE_MODULES = YES;
				CLANG_ENABLE_OBJC_ARC = YES;
				CLANG_ENABLE_OBJC_WEAK = YES;
				CLANG_WARN_BLOCK_CAPTURE_AUTORELEASING = YES;
				CLANG_WARN_BOOL_CONVERSION = YES;
				CLANG_WARN_COMMA = YES;
				CLANG_WARN_CONSTANT_CONVERSION = YES;
				CLANG_WARN_DEPRECATED_OBJC_IMPLEMENTATIONS = YES;
				CLANG_WARN_DIRECT_OBJC_ISA_USAGE = YES_ERROR;
				CLANG_WARN_DOCUMENTATION_COMMENTS = YES;
				CLANG_WARN_EMPTY_BODY = YES;
				CLANG_WARN_ENUM_CONVERSION = YES;
				CLANG_WARN_INFINITE_RECURSION = YES;
				CLANG_WARN_INT_CONVERSION = YES;
				CLANG_WARN_NON_LITERAL_NULL_CONVERSION = YES;
				CLANG_WARN_OBJC_IMPLICIT_RETAIN_SELF = YES;
				CLANG_WARN_OBJC_LITERAL_CONVERSION = YES;
				CLANG_WARN_OBJC_ROOT_CLASS = YES_ERROR;
				CLANG_WARN_QUOTED_INCLUDE_IN_FRAMEWORK_HEADER = YES;
				CLANG_WARN_RANGE_LOOP_ANALYSIS = YES;
				CLANG_WARN_STRICT_PROTOTYPES = YES;
				CLANG_WARN_SUSPICIOUS_MOVE = YES;
				CLANG_WARN_UNGUARDED_AVAILABILITY = YES_AGGRESSIVE;
				CLANG_WARN_UNREACHABLE_CODE = YES;
				CLANG_WARN__DUPLICATE_METHOD_MATCH = YES;
				COPY_PHASE_STRIP = NO;
				DEBUG_INFORMATION_FORMAT = dwarf;
				DEVELOPMENT_TEAM = QPXSR9M985;
				ENABLE_STRICT_OBJC_MSGSEND = YES;
				ENABLE_TESTABILITY = YES;
				ENABLE_USER_SCRIPT_SANDBOXING = YES;
				GCC_C_LANGUAGE_STANDARD = gnu17;
				GCC_DYNAMIC_NO_PIC = NO;
				GCC_NO_COMMON_BLOCKS = YES;
				GCC_OPTIMIZATION_LEVEL = 0;
				GCC_PREPROCESSOR_DEFINITIONS = (
					"DEBUG=1",
					"$(inherited)",
				);
				GCC_WARN_64_TO_32_BIT_CONVERSION = YES;
				GCC_WARN_ABOUT_RETURN_TYPE = YES_ERROR;
				GCC_WARN_UNDECLARED_SELECTOR = YES;
				GCC_WARN_UNINITIALIZED_AUTOS = YES_AGGRESSIVE;
				GCC_WARN_UNUSED_FUNCTION = YES;
				GCC_WARN_UNUSED_VARIABLE = YES;
				IPHONEOS_DEPLOYMENT_TARGET = 18.5;
				LOCALIZATION_PREFERS_STRING_CATALOGS = YES;
				MTL_ENABLE_DEBUG_INFO = INCLUDE_SOURCE;
				MTL_FAST_MATH = YES;
				ONLY_ACTIVE_ARCH = YES;
				SDKROOT = iphoneos;
				SWIFT_ACTIVE_COMPILATION_CONDITIONS = "DEBUG $(inherited)";
				SWIFT_OPTIMIZATION_LEVEL = "-Onone";
			};
			name = Debug;
		};
		14C3AFDA2E08DF5900730198 /* Release */ = {
			isa = XCBuildConfiguration;
			buildSettings = {
				ALWAYS_SEARCH_USER_PATHS = NO;
				ASSETCATALOG_COMPILER_GENERATE_SWIFT_ASSET_SYMBOL_EXTENSIONS = YES;
				CLANG_ANALYZER_NONNULL = YES;
				CLANG_ANALYZER_NUMBER_OBJECT_CONVERSION = YES_AGGRESSIVE;
				CLANG_CXX_LANGUAGE_STANDARD = "gnu++20";
				CLANG_ENABLE_MODULES = YES;
				CLANG_ENABLE_OBJC_ARC = YES;
				CLANG_ENABLE_OBJC_WEAK = YES;
				CLANG_WARN_BLOCK_CAPTURE_AUTORELEASING = YES;
				CLANG_WARN_BOOL_CONVERSION = YES;
				CLANG_WARN_COMMA = YES;
				CLANG_WARN_CONSTANT_CONVERSION = YES;
				CLANG_WARN_DEPRECATED_OBJC_IMPLEMENTATIONS = YES;
				CLANG_WARN_DIRECT_OBJC_ISA_USAGE = YES_ERROR;
				CLANG_WARN_DOCUMENTATION_COMMENTS = YES;
				CLANG_WARN_EMPTY_BODY = YES;
				CLANG_WARN_ENUM_CONVERSION = YES;
				CLANG_WARN_INFINITE_RECURSION = YES;
				CLANG_WARN_INT_CONVERSION = YES;
				CLANG_WARN_NON_LITERAL_NULL_CONVERSION = YES;
				CLANG_WARN_OBJC_IMPLICIT_RETAIN_SELF = YES;
				CLANG_WARN_OBJC_LITERAL_CONVERSION = YES;
				CLANG_WARN_OBJC_ROOT_CLASS = YES_ERROR;
				CLANG_WARN_QUOTED_INCLUDE_IN_FRAMEWORK_HEADER = YES;
				CLANG_WARN_RANGE_LOOP_ANALYSIS = YES;
				CLANG_WARN_STRICT_PROTOTYPES = YES;
				CLANG_WARN_SUSPICIOUS_MOVE = YES;
				CLANG_WARN_UNGUARDED_AVAILABILITY = YES_AGGRESSIVE;
				CLANG_WARN_UNREACHABLE_CODE = YES;
				CLANG_WARN__DUPLICATE_METHOD_MATCH = YES;
				COPY_PHASE_STRIP = NO;
				DEBUG_INFORMATION_FORMAT = "dwarf-with-dsym";
				DEVELOPMENT_TEAM = QPXSR9M985;
				ENABLE_NS_ASSERTIONS = NO;
				ENABLE_STRICT_OBJC_MSGSEND = YES;
				ENABLE_USER_SCRIPT_SANDBOXING = YES;
				GCC_C_LANGUAGE_STANDARD = gnu17;
				GCC_NO_COMMON_BLOCKS = YES;
				GCC_WARN_64_TO_32_BIT_CONVERSION = YES;
				GCC_WARN_ABOUT_RETURN_TYPE = YES_ERROR;
				GCC_WARN_UNDECLARED_SELECTOR = YES;
				GCC_WARN_UNINITIALIZED_AUTOS = YES_AGGRESSIVE;
				GCC_WARN_UNUSED_FUNCTION = YES;
				GCC_WARN_UNUSED_VARIABLE = YES;
				IPHONEOS_DEPLOYMENT_TARGET = 18.5;
				LOCALIZATION_PREFERS_STRING_CATALOGS = YES;
				MTL_ENABLE_DEBUG_INFO = NO;
				MTL_FAST_MATH = YES;
				SDKROOT = iphoneos;
				SWIFT_COMPILATION_MODE = wholemodule;
				VALIDATE_PRODUCT = YES;
			};
			name = Release;
		};
		14C3AFDC2E08DF5900730198 /* Debug */ = {
			isa = XCBuildConfiguration;
			buildSettings = {
				ASSETCATALOG_COMPILER_APPICON_NAME = AppIcon;
				ASSETCATALOG_COMPILER_GLOBAL_ACCENT_COLOR_NAME = AccentColor;
				CODE_SIGN_STYLE = Automatic;
				CURRENT_PROJECT_VERSION = 1;
				DEVELOPMENT_TEAM = QPXSR9M985;
				ENABLE_PREVIEWS = YES;
				GENERATE_INFOPLIST_FILE = YES;
				INFOPLIST_FILE = "mumuk-clone-coding/Info.plist";
				INFOPLIST_KEY_UIApplicationSceneManifest_Generation = YES;
				INFOPLIST_KEY_UIApplicationSupportsIndirectInputEvents = YES;
				INFOPLIST_KEY_UILaunchScreen_Generation = YES;
				INFOPLIST_KEY_UISupportedInterfaceOrientations_iPad = "UIInterfaceOrientationPortrait UIInterfaceOrientationPortraitUpsideDown UIInterfaceOrientationLandscapeLeft UIInterfaceOrientationLandscapeRight";
				INFOPLIST_KEY_UISupportedInterfaceOrientations_iPhone = "UIInterfaceOrientationPortrait UIInterfaceOrientationLandscapeLeft UIInterfaceOrientationLandscapeRight";
				LD_RUNPATH_SEARCH_PATHS = (
					"$(inherited)",
					"@executable_path/Frameworks",
				);
				MARKETING_VERSION = 1.0;
				PRODUCT_BUNDLE_IDENTIFIER = "com.lyh.mumuk-clone-coding";
				PRODUCT_NAME = "$(TARGET_NAME)";
				SUPPORTED_PLATFORMS = "iphoneos iphonesimulator";
				SUPPORTS_MACCATALYST = NO;
				SUPPORTS_MAC_DESIGNED_FOR_IPHONE_IPAD = NO;
				SUPPORTS_XR_DESIGNED_FOR_IPHONE_IPAD = NO;
				SWIFT_EMIT_LOC_STRINGS = YES;
				SWIFT_VERSION = 5.0;
				TARGETED_DEVICE_FAMILY = 1;
			};
			name = Debug;
		};
		14C3AFDD2E08DF5900730198 /* Release */ = {
			isa = XCBuildConfiguration;
			buildSettings = {
				ASSETCATALOG_COMPILER_APPICON_NAME = AppIcon;
				ASSETCATALOG_COMPILER_GLOBAL_ACCENT_COLOR_NAME = AccentColor;
				CODE_SIGN_STYLE = Automatic;
				CURRENT_PROJECT_VERSION = 1;
				DEVELOPMENT_TEAM = QPXSR9M985;
				ENABLE_PREVIEWS = YES;
				GENERATE_INFOPLIST_FILE = YES;
				INFOPLIST_FILE = "mumuk-clone-coding/Info.plist";
				INFOPLIST_KEY_UIApplicationSceneManifest_Generation = YES;
				INFOPLIST_KEY_UIApplicationSupportsIndirectInputEvents = YES;
				INFOPLIST_KEY_UILaunchScreen_Generation = YES;
				INFOPLIST_KEY_UISupportedInterfaceOrientations_iPad = "UIInterfaceOrientationPortrait UIInterfaceOrientationPortraitUpsideDown UIInterfaceOrientationLandscapeLeft UIInterfaceOrientationLandscapeRight";
				INFOPLIST_KEY_UISupportedInterfaceOrientations_iPhone = "UIInterfaceOrientationPortrait UIInterfaceOrientationLandscapeLeft UIInterfaceOrientationLandscapeRight";
				LD_RUNPATH_SEARCH_PATHS = (
					"$(inherited)",
					"@executable_path/Frameworks",
				);
				MARKETING_VERSION = 1.0;
				PRODUCT_BUNDLE_IDENTIFIER = "com.lyh.mumuk-clone-coding";
				PRODUCT_NAME = "$(TARGET_NAME)";
				SUPPORTED_PLATFORMS = "iphoneos iphonesimulator";
				SUPPORTS_MACCATALYST = NO;
				SUPPORTS_MAC_DESIGNED_FOR_IPHONE_IPAD = NO;
				SUPPORTS_XR_DESIGNED_FOR_IPHONE_IPAD = NO;
				SWIFT_EMIT_LOC_STRINGS = YES;
				SWIFT_VERSION = 5.0;
				TARGETED_DEVICE_FAMILY = 1;
			};
			name = Release;
		};
		14C3AFDF2E08DF5900730198 /* Debug */ = {
			isa = XCBuildConfiguration;
			buildSettings = {
				BUNDLE_LOADER = "$(TEST_HOST)";
				CODE_SIGN_STYLE = Automatic;
				CURRENT_PROJECT_VERSION = 1;
				DEVELOPMENT_TEAM = QPXSR9M985;
				GENERATE_INFOPLIST_FILE = YES;
				IPHONEOS_DEPLOYMENT_TARGET = 18.5;
				MARKETING_VERSION = 1.0;
				PRODUCT_BUNDLE_IDENTIFIER = "com.lyh.mumuk-clone-codingTests";
				PRODUCT_NAME = "$(TARGET_NAME)";
				SWIFT_EMIT_LOC_STRINGS = NO;
				SWIFT_VERSION = 5.0;
				TARGETED_DEVICE_FAMILY = "1,2";
				TEST_HOST = "$(BUILT_PRODUCTS_DIR)/mumuk-clone-coding.app/$(BUNDLE_EXECUTABLE_FOLDER_PATH)/mumuk-clone-coding";
			};
			name = Debug;
		};
		14C3AFE02E08DF5900730198 /* Release */ = {
			isa = XCBuildConfiguration;
			buildSettings = {
				BUNDLE_LOADER = "$(TEST_HOST)";
				CODE_SIGN_STYLE = Automatic;
				CURRENT_PROJECT_VERSION = 1;
				DEVELOPMENT_TEAM = QPXSR9M985;
				GENERATE_INFOPLIST_FILE = YES;
				IPHONEOS_DEPLOYMENT_TARGET = 18.5;
				MARKETING_VERSION = 1.0;
				PRODUCT_BUNDLE_IDENTIFIER = "com.lyh.mumuk-clone-codingTests";
				PRODUCT_NAME = "$(TARGET_NAME)";
				SWIFT_EMIT_LOC_STRINGS = NO;
				SWIFT_VERSION = 5.0;
				TARGETED_DEVICE_FAMILY = "1,2";
				TEST_HOST = "$(BUILT_PRODUCTS_DIR)/mumuk-clone-coding.app/$(BUNDLE_EXECUTABLE_FOLDER_PATH)/mumuk-clone-coding";
			};
			name = Release;
		};
		14C3AFE22E08DF5900730198 /* Debug */ = {
			isa = XCBuildConfiguration;
			buildSettings = {
				CODE_SIGN_STYLE = Automatic;
				CURRENT_PROJECT_VERSION = 1;
				DEVELOPMENT_TEAM = QPXSR9M985;
				GENERATE_INFOPLIST_FILE = YES;
				MARKETING_VERSION = 1.0;
				PRODUCT_BUNDLE_IDENTIFIER = "com.lyh.mumuk-clone-codingUITests";
				PRODUCT_NAME = "$(TARGET_NAME)";
				SWIFT_EMIT_LOC_STRINGS = NO;
				SWIFT_VERSION = 5.0;
				TARGETED_DEVICE_FAMILY = "1,2";
				TEST_TARGET_NAME = "mumuk-clone-coding";
			};
			name = Debug;
		};
		14C3AFE32E08DF5900730198 /* Release */ = {
			isa = XCBuildConfiguration;
			buildSettings = {
				CODE_SIGN_STYLE = Automatic;
				CURRENT_PROJECT_VERSION = 1;
				DEVELOPMENT_TEAM = QPXSR9M985;
				GENERATE_INFOPLIST_FILE = YES;
				MARKETING_VERSION = 1.0;
				PRODUCT_BUNDLE_IDENTIFIER = "com.lyh.mumuk-clone-codingUITests";
				PRODUCT_NAME = "$(TARGET_NAME)";
				SWIFT_EMIT_LOC_STRINGS = NO;
				SWIFT_VERSION = 5.0;
				TARGETED_DEVICE_FAMILY = "1,2";
				TEST_TARGET_NAME = "mumuk-clone-coding";
			};
			name = Release;
		};
/* End XCBuildConfiguration section */

/* Begin XCConfigurationList section */
		14C3AFB52E08DF5500730198 /* Build configuration list for PBXProject "mumuk-clone-coding" */ = {
			isa = XCConfigurationList;
			buildConfigurations = (
				14C3AFD92E08DF5900730198 /* Debug */,
				14C3AFDA2E08DF5900730198 /* Release */,
			);
			defaultConfigurationIsVisible = 0;
			defaultConfigurationName = Release;
		};
		14C3AFDB2E08DF5900730198 /* Build configuration list for PBXNativeTarget "mumuk-clone-coding" */ = {
			isa = XCConfigurationList;
			buildConfigurations = (
				14C3AFDC2E08DF5900730198 /* Debug */,
				14C3AFDD2E08DF5900730198 /* Release */,
			);
			defaultConfigurationIsVisible = 0;
			defaultConfigurationName = Release;
		};
		14C3AFDE2E08DF5900730198 /* Build configuration list for PBXNativeTarget "mumuk-clone-codingTests" */ = {
			isa = XCConfigurationList;
			buildConfigurations = (
				14C3AFDF2E08DF5900730198 /* Debug */,
				14C3AFE02E08DF5900730198 /* Release */,
			);
			defaultConfigurationIsVisible = 0;
			defaultConfigurationName = Release;
		};
		14C3AFE12E08DF5900730198 /* Build configuration list for PBXNativeTarget "mumuk-clone-codingUITests" */ = {
			isa = XCConfigurationList;
			buildConfigurations = (
				14C3AFE22E08DF5900730198 /* Debug */,
				14C3AFE32E08DF5900730198 /* Release */,
			);
			defaultConfigurationIsVisible = 0;
			defaultConfigurationName = Release;
		};
/* End XCConfigurationList section */
	};
	rootObject = 14C3AFB22E08DF5500730198 /* Project object */;
}
